
Microsoft Visual Studio Solution File, Format Version 12.00
# Visual Studio Version 17
VisualStudioVersion = 17.0.31903.59
MinimumVisualStudioVersion = 10.0.40219.1
Project("{2150E333-8FDC-42A3-9474-1A3956D46DE8}") = "src", "src", "{43FE6A13-BEFC-4988-810F-5BAE69A10CA4}"
EndProject
Project("{2150E333-8FDC-42A3-9474-1A3956D46DE8}") = "BuildingBlocks", "BuildingBlocks", "{B69054F8-7CB7-4D07-8D27-66EEDED6FC52}"
EndProject
Project("{FAE04EC0-301F-11D3-BF4B-00C04F79EFBC}") = "BuildingBlocks.Exceptions", "src\BuildingBlocks\BuildingBlocks.Exceptions\BuildingBlocks.Exceptions.csproj", "{A87E3F80-EF8F-45BA-9BA6-6EC513EEE9D3}"
EndProject
Project("{FAE04EC0-301F-11D3-BF4B-00C04F79EFBC}") = "BuildingBlocks.Behaviors", "src\BuildingBlocks\BuildingBlocks.Behaviors\BuildingBlocks.Behaviors.csproj", "{9F15BFDD-AEB4-4FC1-8A0F-D46D892A6599}"
EndProject
Project("{FAE04EC0-301F-11D3-BF4B-00C04F79EFBC}") = "BuildingBlocks.Messaging", "src\BuildingBlocks\BuildingBlocks.Messaging\BuildingBlocks.Messaging.csproj", "{2D8ACFEE-4E42-4898-B138-61AE5D88926F}"
EndProject
Project("{2150E333-8FDC-42A3-9474-1A3956D46DE8}") = "Services", "Services", "{54611575-DF1C-4280-A966-39BAAEEDB27A}"
EndProject
Project("{2150E333-8FDC-42A3-9474-1A3956D46DE8}") = "Catalog", "Catalog", "{2772B570-2AE2-4EB8-842E-5D049C02E36B}"
EndProject
Project("{FAE04EC0-301F-11D3-BF4B-00C04F79EFBC}") = "Catalog.API", "src\Services\Catalog\Catalog.API\Catalog.API.csproj", "{E32BC3B3-9F95-483A-8696-BA9CB7C43ABA}"
EndProject
Project("{2150E333-8FDC-42A3-9474-1A3956D46DE8}") = "Discount", "Discount", "{D6559B49-0971-437A-9F6F-1200C9A82EE9}"
EndProject
Project("{FAE04EC0-301F-11D3-BF4B-00C04F79EFBC}") = "Discount.Grpc", "src\Services\Discount\Discount.Grpc\Discount.Grpc.csproj", "{5DBDBCD3-D08A-4B8C-8BCD-CB90D27E07EC}"
EndProject
Global
	GlobalSection(SolutionConfigurationPlatforms) = preSolution
		Debug|Any CPU = Debug|Any CPU
		Release|Any CPU = Release|Any CPU
	EndGlobalSection
	GlobalSection(SolutionProperties) = preSolution
		HideSolutionNode = FALSE
	EndGlobalSection
	GlobalSection(ProjectConfigurationPlatforms) = postSolution
		{A87E3F80-EF8F-45BA-9BA6-6EC513EEE9D3}.Debug|Any CPU.ActiveCfg = Debug|Any CPU
		{A87E3F80-EF8F-45BA-9BA6-6EC513EEE9D3}.Debug|Any CPU.Build.0 = Debug|Any CPU
		{A87E3F80-EF8F-45BA-9BA6-6EC513EEE9D3}.Release|Any CPU.ActiveCfg = Release|Any CPU
		{A87E3F80-EF8F-45BA-9BA6-6EC513EEE9D3}.Release|Any CPU.Build.0 = Release|Any CPU
		{9F15BFDD-AEB4-4FC1-8A0F-D46D892A6599}.Debug|Any CPU.ActiveCfg = Debug|Any CPU
		{9F15BFDD-AEB4-4FC1-8A0F-D46D892A6599}.Debug|Any CPU.Build.0 = Debug|Any CPU
		{9F15BFDD-AEB4-4FC1-8A0F-D46D892A6599}.Release|Any CPU.ActiveCfg = Release|Any CPU
		{9F15BFDD-AEB4-4FC1-8A0F-D46D892A6599}.Release|Any CPU.Build.0 = Release|Any CPU
		{2D8ACFEE-4E42-4898-B138-61AE5D88926F}.Debug|Any CPU.ActiveCfg = Debug|Any CPU
		{2D8ACFEE-4E42-4898-B138-61AE5D88926F}.Debug|Any CPU.Build.0 = Debug|Any CPU
		{2D8ACFEE-4E42-4898-B138-61AE5D88926F}.Release|Any CPU.ActiveCfg = Release|Any CPU
		{2D8ACFEE-4E42-4898-B138-61AE5D88926F}.Release|Any CPU.Build.0 = Release|Any CPU
		{E32BC3B3-9F95-483A-8696-BA9CB7C43ABA}.Debug|Any CPU.ActiveCfg = Debug|Any CPU
		{E32BC3B3-9F95-483A-8696-BA9CB7C43ABA}.Debug|Any CPU.Build.0 = Debug|Any CPU
		{E32BC3B3-9F95-483A-8696-BA9CB7C43ABA}.Release|Any CPU.ActiveCfg = Release|Any CPU
		{E32BC3B3-9F95-483A-8696-BA9CB7C43ABA}.Release|Any CPU.Build.0 = Release|Any CPU
		{5DBDBCD3-D08A-4B8C-8BCD-CB90D27E07EC}.Debug|Any CPU.ActiveCfg = Debug|Any CPU
		{5DBDBCD3-D08A-4B8C-8BCD-CB90D27E07EC}.Debug|Any CPU.Build.0 = Debug|Any CPU
		{5DBDBCD3-D08A-4B8C-8BCD-CB90D27E07EC}.Release|Any CPU.ActiveCfg = Release|Any CPU
		{5DBDBCD3-D08A-4B8C-8BCD-CB90D27E07EC}.Release|Any CPU.Build.0 = Release|Any CPU
	EndGlobalSection
	GlobalSection(NestedProjects) = preSolution
		{B69054F8-7CB7-4D07-8D27-66EEDED6FC52} = {43FE6A13-BEFC-4988-810F-5BAE69A10CA4}
		{A87E3F80-EF8F-45BA-9BA6-6EC513EEE9D3} = {B69054F8-7CB7-4D07-8D27-66EEDED6FC52}
		{9F15BFDD-AEB4-4FC1-8A0F-D46D892A6599} = {B69054F8-7CB7-4D07-8D27-66EEDED6FC52}
		{2D8ACFEE-4E42-4898-B138-61AE5D88926F} = {B69054F8-7CB7-4D07-8D27-66EEDED6FC52}
		{54611575-DF1C-4280-A966-39BAAEEDB27A} = {43FE6A13-BEFC-4988-810F-5BAE69A10CA4}
		{2772B570-2AE2-4EB8-842E-5D049C02E36B} = {54611575-DF1C-4280-A966-39BAAEEDB27A}
		{E32BC3B3-9F95-483A-8696-BA9CB7C43ABA} = {2772B570-2AE2-4EB8-842E-5D049C02E36B}
		{D6559B49-0971-437A-9F6F-1200C9A82EE9} = {54611575-DF1C-4280-A966-39BAAEEDB27A}
		{5DBDBCD3-D08A-4B8C-8BCD-CB90D27E07EC} = {D6559B49-0971-437A-9F6F-1200C9A82EE9}
	EndGlobalSection
EndGlobal
